// !$*UTF8*$!
{
	archiveVersion = 1;
	classes = {
	};
	objectVersion = 77;
	objects = {

/* Begin PBXBuildFile section */
		69B5740E2DA395D90041194B /* Ink in Frameworks */ = {isa = PBXBuildFile; productRef = 69B5740D2DA395D90041194B /* Ink */; };
		69B574122DA396D60041194B /* RxBlocking in Frameworks */ = {isa = PBXBuildFile; productRef = 69B574112DA396D60041194B /* RxBlocking */; };
		69B574142DA396D60041194B /* RxCocoa in Frameworks */ = {isa = PBXBuildFile; productRef = 69B574132DA396D60041194B /* RxCocoa */; };
		69B574162DA396D60041194B /* RxRelay in Frameworks */ = {isa = PBXBuildFile; productRef = 69B574152DA396D60041194B /* RxRelay */; };
/* End PBXBuildFile section */

/* Begin PBXContainerItemProxy section */
		69B573F02DA395B30041194B /* PBXContainerItemProxy */ = {
			isa = PBXContainerItemProxy;
			containerPortal = 69B573D62DA395B20041194B /* Project object */;
			proxyType = 1;
			remoteGlobalIDString = 69B573DD2DA395B20041194B;
			remoteInfo = md_editor;
		};
		69B573FA2DA395B30041194B /* PBXContainerItemProxy */ = {
			isa = PBXContainerItemProxy;
			containerPortal = 69B573D62DA395B20041194B /* Project object */;
			proxyType = 1;
			remoteGlobalIDString = 69B573DD2DA395B20041194B;
			remoteInfo = md_editor;
		};
/* End PBXContainerItemProxy section */

/* Begin PBXFileReference section */
		69B573DE2DA395B20041194B /* md_editor.app */ = {isa = PBXFileReference; explicitFileType = wrapper.application; includeInIndex = 0; path = md_editor.app; sourceTree = BUILT_PRODUCTS_DIR; };
		69B573EF2DA395B30041194B /* md_editorTests.xctest */ = {isa = PBXFileReference; explicitFileType = wrapper.cfbundle; includeInIndex = 0; path = md_editorTests.xctest; sourceTree = BUILT_PRODUCTS_DIR; };
		69B573F92DA395B30041194B /* md_editorUITests.xctest */ = {isa = PBXFileReference; explicitFileType = wrapper.cfbundle; includeInIndex = 0; path = md_editorUITests.xctest; sourceTree = BUILT_PRODUCTS_DIR; };
/* End PBXFileReference section */

/* Begin PBXFileSystemSynchronizedRootGroup section */
		69B573E02DA395B20041194B /* md_editor */ = {
			isa = PBXFileSystemSynchronizedRootGroup;
			path = md_editor;
			sourceTree = "<group>";
		};
		69B573F22DA395B30041194B /* md_editorTests */ = {
			isa = PBXFileSystemSynchronizedRootGroup;
			path = md_editorTests;
			sourceTree = "<group>";
		};
		69B573FC2DA395B30041194B /* md_editorUITests */ = {
			isa = PBXFileSystemSynchronizedRootGroup;
			path = md_editorUITests;
			sourceTree = "<group>";
		};
/* End PBXFileSystemSynchronizedRootGroup section */

/* Begin PBXFrameworksBuildPhase section */
		69B573DB2DA395B20041194B /* Frameworks */ = {
			isa = PBXFrameworksBuildPhase;
			buildActionMask = 2147483647;
			files = (
				69B574142DA396D60041194B /* RxCocoa in Frameworks */,
				69B5740E2DA395D90041194B /* Ink in Frameworks */,
				69B574162DA396D60041194B /* RxRelay in Frameworks */,
				69B574122DA396D60041194B /* RxBlocking in Frameworks */,
			);
			runOnlyForDeploymentPostprocessing = 0;
		};
		69B573EC2DA395B30041194B /* Frameworks */ = {
			isa = PBXFrameworksBuildPhase;
			buildActionMask = 2147483647;
			files = (
			);
			runOnlyForDeploymentPostprocessing = 0;
		};
		69B573F62DA395B30041194B /* Frameworks */ = {
			isa = PBXFrameworksBuildPhase;
			buildActionMask = 2147483647;
			files = (
			);
			runOnlyForDeploymentPostprocessing = 0;
		};
/* End PBXFrameworksBuildPhase section */

/* Begin PBXGroup section */
		69B573D52DA395B20041194B = {
			isa = PBXGroup;
			children = (
				69B573E02DA395B20041194B /* md_editor */,
				69B573F22DA395B30041194B /* md_editorTests */,
				69B573FC2DA395B30041194B /* md_editorUITests */,
				69B573DF2DA395B20041194B /* Products */,
			);
			sourceTree = "<group>";
		};
		69B573DF2DA395B20041194B /* Products */ = {
			isa = PBXGroup;
			children = (
				69B573DE2DA395B20041194B /* md_editor.app */,
				69B573EF2DA395B30041194B /* md_editorTests.xctest */,
				69B573F92DA395B30041194B /* md_editorUITests.xctest */,
			);
			name = Products;
			sourceTree = "<group>";
		};
/* End PBXGroup section */

/* Begin PBXNativeTarget section */
		69B573DD2DA395B20041194B /* md_editor */ = {
			isa = PBXNativeTarget;
			buildConfigurationList = 69B574032DA395B30041194B /* Build configuration list for PBXNativeTarget "md_editor" */;
			buildPhases = (
				69B573DA2DA395B20041194B /* Sources */,
				69B573DB2DA395B20041194B /* Frameworks */,
				69B573DC2DA395B20041194B /* Resources */,
			);
			buildRules = (
			);
			dependencies = (
				69CA78C12DA3B9CC0027EC62 /* PBXTargetDependency */,
			);
			fileSystemSynchronizedGroups = (
				69B573E02DA395B20041194B /* md_editor */,
			);
			name = md_editor;
			packageProductDependencies = (
				69B5740D2DA395D90041194B /* Ink */,
				69B574112DA396D60041194B /* RxBlocking */,
				69B574132DA396D60041194B /* RxCocoa */,
				69B574152DA396D60041194B /* RxRelay */,
			);
			productName = md_editor;
			productReference = 69B573DE2DA395B20041194B /* md_editor.app */;
			productType = "com.apple.product-type.application";
		};
		69B573EE2DA395B30041194B /* md_editorTests */ = {
			isa = PBXNativeTarget;
			buildConfigurationList = 69B574062DA395B30041194B /* Build configuration list for PBXNativeTarget "md_editorTests" */;
			buildPhases = (
				69B573EB2DA395B30041194B /* Sources */,
				69B573EC2DA395B30041194B /* Frameworks */,
				69B573ED2DA395B30041194B /* Resources */,
			);
			buildRules = (
			);
			dependencies = (
				69B573F12DA395B30041194B /* PBXTargetDependency */,
			);
			fileSystemSynchronizedGroups = (
				69B573F22DA395B30041194B /* md_editorTests */,
			);
			name = md_editorTests;
			packageProductDependencies = (
			);
			productName = md_editorTests;
			productReference = 69B573EF2DA395B30041194B /* md_editorTests.xctest */;
			productType = "com.apple.product-type.bundle.unit-test";
		};
		69B573F82DA395B30041194B /* md_editorUITests */ = {
			isa = PBXNativeTarget;
			buildConfigurationList = 69B574092DA395B30041194B /* Build configuration list for PBXNativeTarget "md_editorUITests" */;
			buildPhases = (
				69B573F52DA395B30041194B /* Sources */,
				69B573F62DA395B30041194B /* Frameworks */,
				69B573F72DA395B30041194B /* Resources */,
			);
			buildRules = (
			);
			dependencies = (
				69B573FB2DA395B30041194B /* PBXTargetDependency */,
			);
			fileSystemSynchronizedGroups = (
				69B573FC2DA395B30041194B /* md_editorUITests */,
			);
			name = md_editorUITests;
			packageProductDependencies = (
			);
			productName = md_editorUITests;
			productReference = 69B573F92DA395B30041194B /* md_editorUITests.xctest */;
			productType = "com.apple.product-type.bundle.ui-testing";
		};
/* End PBXNativeTarget section */

/* Begin PBXProject section */
		69B573D62DA395B20041194B /* Project object */ = {
			isa = PBXProject;
			attributes = {
				BuildIndependentTargetsInParallel = 1;
				LastSwiftUpdateCheck = 1630;
				LastUpgradeCheck = 1630;
				TargetAttributes = {
					69B573DD2DA395B20041194B = {
						CreatedOnToolsVersion = 16.3;
					};
					69B573EE2DA395B30041194B = {
						CreatedOnToolsVersion = 16.3;
						TestTargetID = 69B573DD2DA395B20041194B;
					};
					69B573F82DA395B30041194B = {
						CreatedOnToolsVersion = 16.3;
						TestTargetID = 69B573DD2DA395B20041194B;
					};
				};
			};
			buildConfigurationList = 69B573D92DA395B20041194B /* Build configuration list for PBXProject "md_editor" */;
			developmentRegion = en;
			hasScannedForEncodings = 0;
			knownRegions = (
				en,
				Base,
			);
			mainGroup = 69B573D52DA395B20041194B;
			minimizedProjectReferenceProxies = 1;
			packageReferences = (
				69B5740C2DA395D90041194B /* XCRemoteSwiftPackageReference "Ink" */,
				69B5740F2DA396590041194B /* XCRemoteSwiftPackageReference "SwiftLint" */,
				69B574102DA396D60041194B /* XCRemoteSwiftPackageReference "RxSwift" */,
			);
			preferredProjectObjectVersion = 77;
			productRefGroup = 69B573DF2DA395B20041194B /* Products */;
			projectDirPath = "";
			projectRoot = "";
			targets = (
				69B573DD2DA395B20041194B /* md_editor */,
				69B573EE2DA395B30041194B /* md_editorTests */,
				69B573F82DA395B30041194B /* md_editorUITests */,
			);
		};
/* End PBXProject section */

/* Begin PBXResourcesBuildPhase section */
		69B573DC2DA395B20041194B /* Resources */ = {
			isa = PBXResourcesBuildPhase;
			buildActionMask = 2147483647;
			files = (
			);
			runOnlyForDeploymentPostprocessing = 0;
		};
		69B573ED2DA395B30041194B /* Resources */ = {
			isa = PBXResourcesBuildPhase;
			buildActionMask = 2147483647;
			files = (
			);
			runOnlyForDeploymentPostprocessing = 0;
		};
		69B573F72DA395B30041194B /* Resources */ = {
			isa = PBXResourcesBuildPhase;
			buildActionMask = 2147483647;
			files = (
			);
			runOnlyForDeploymentPostprocessing = 0;
		};
/* End PBXResourcesBuildPhase section */

/* Begin PBXSourcesBuildPhase section */
		69B573DA2DA395B20041194B /* Sources */ = {
			isa = PBXSourcesBuildPhase;
			buildActionMask = 2147483647;
			files = (
			);
			runOnlyForDeploymentPostprocessing = 0;
		};
		69B573EB2DA395B30041194B /* Sources */ = {
			isa = PBXSourcesBuildPhase;
			buildActionMask = 2147483647;
			files = (
			);
			runOnlyForDeploymentPostprocessing = 0;
		};
		69B573F52DA395B30041194B /* Sources */ = {
			isa = PBXSourcesBuildPhase;
			buildActionMask = 2147483647;
			files = (
			);
			runOnlyForDeploymentPostprocessing = 0;
		};
/* End PBXSourcesBuildPhase section */

/* Begin PBXTargetDependency section */
		69B573F12DA395B30041194B /* PBXTargetDependency */ = {
			isa = PBXTargetDependency;
			target = 69B573DD2DA395B20041194B /* md_editor */;
			targetProxy = 69B573F02DA395B30041194B /* PBXContainerItemProxy */;
		};
		69B573FB2DA395B30041194B /* PBXTargetDependency */ = {
			isa = PBXTargetDependency;
			target = 69B573DD2DA395B20041194B /* md_editor */;
			targetProxy = 69B573FA2DA395B30041194B /* PBXContainerItemProxy */;
		};
		69CA78C12DA3B9CC0027EC62 /* PBXTargetDependency */ = {
			isa = PBXTargetDependency;
			productRef = 69CA78C02DA3B9CC0027EC62 /* SwiftLintBuildToolPlugin */;
		};
/* End PBXTargetDependency section */

/* Begin XCBuildConfiguration section */
		69B574012DA395B30041194B /* Debug */ = {
			isa = XCBuildConfiguration;
			buildSettings = {
				ALWAYS_SEARCH_USER_PATHS = NO;
				ASSETCATALOG_COMPILER_GENERATE_SWIFT_ASSET_SYMBOL_EXTENSIONS = YES;
				CLANG_ANALYZER_NONNULL = YES;
				CLANG_ANALYZER_NUMBER_OBJECT_CONVERSION = YES_AGGRESSIVE;
				CLANG_CXX_LANGUAGE_STANDARD = "gnu++20";
				CLANG_ENABLE_MODULES = YES;
				CLANG_ENABLE_OBJC_ARC = YES;
				CLANG_ENABLE_OBJC_WEAK = YES;
				CLANG_WARN_BLOCK_CAPTURE_AUTORELEASING = YES;
				CLANG_WARN_BOOL_CONVERSION = YES;
				CLANG_WARN_COMMA = YES;
				CLANG_WARN_CONSTANT_CONVERSION = YES;
				CLANG_WARN_DEPRECATED_OBJC_IMPLEMENTATIONS = YES;
				CLANG_WARN_DIRECT_OBJC_ISA_USAGE = YES_ERROR;
				CLANG_WARN_DOCUMENTATION_COMMENTS = YES;
				CLANG_WARN_EMPTY_BODY = YES;
				CLANG_WARN_ENUM_CONVERSION = YES;
				CLANG_WARN_INFINITE_RECURSION = YES;
				CLANG_WARN_INT_CONVERSION = YES;
				CLANG_WARN_NON_LITERAL_NULL_CONVERSION = YES;
				CLANG_WARN_OBJC_IMPLICIT_RETAIN_SELF = YES;
				CLANG_WARN_OBJC_LITERAL_CONVERSION = YES;
				CLANG_WARN_OBJC_ROOT_CLASS = YES_ERROR;
				CLANG_WARN_QUOTED_INCLUDE_IN_FRAMEWORK_HEADER = YES;
				CLANG_WARN_RANGE_LOOP_ANALYSIS = YES;
				CLANG_WARN_STRICT_PROTOTYPES = YES;
				CLANG_WARN_SUSPICIOUS_MOVE = YES;
				CLANG_WARN_UNGUARDED_AVAILABILITY = YES_AGGRESSIVE;
				CLANG_WARN_UNREACHABLE_CODE = YES;
				CLANG_WARN__DUPLICATE_METHOD_MATCH = YES;
				COPY_PHASE_STRIP = NO;
				DEBUG_INFORMATION_FORMAT = dwarf;
				DEVELOPMENT_TEAM = RCLFZFW8U7;
				ENABLE_STRICT_OBJC_MSGSEND = YES;
				ENABLE_TESTABILITY = YES;
				ENABLE_USER_SCRIPT_SANDBOXING = YES;
				GCC_C_LANGUAGE_STANDARD = gnu17;
				GCC_DYNAMIC_NO_PIC = NO;
				GCC_NO_COMMON_BLOCKS = YES;
				GCC_OPTIMIZATION_LEVEL = 0;
				GCC_PREPROCESSOR_DEFINITIONS = (
					"DEBUG=1",
					"$(inherited)",
				);
				GCC_WARN_64_TO_32_BIT_CONVERSION = YES;
				GCC_WARN_ABOUT_RETURN_TYPE = YES_ERROR;
				GCC_WARN_UNDECLARED_SELECTOR = YES;
				GCC_WARN_UNINITIALIZED_AUTOS = YES_AGGRESSIVE;
				GCC_WARN_UNUSED_FUNCTION = YES;
				GCC_WARN_UNUSED_VARIABLE = YES;
				LOCALIZATION_PREFERS_STRING_CATALOGS = YES;
				MACOSX_DEPLOYMENT_TARGET = 15.4;
				MTL_ENABLE_DEBUG_INFO = INCLUDE_SOURCE;
				MTL_FAST_MATH = YES;
				ONLY_ACTIVE_ARCH = YES;
				SDKROOT = macosx;
				SWIFT_ACTIVE_COMPILATION_CONDITIONS = "DEBUG $(inherited)";
				SWIFT_OPTIMIZATION_LEVEL = "-Onone";
			};
			name = Debug;
		};
		69B574022DA395B30041194B /* Release */ = {
			isa = XCBuildConfiguration;
			buildSettings = {
				ALWAYS_SEARCH_USER_PATHS = NO;
				ASSETCATALOG_COMPILER_GENERATE_SWIFT_ASSET_SYMBOL_EXTENSIONS = YES;
				CLANG_ANALYZER_NONNULL = YES;
				CLANG_ANALYZER_NUMBER_OBJECT_CONVERSION = YES_AGGRESSIVE;
				CLANG_CXX_LANGUAGE_STANDARD = "gnu++20";
				CLANG_ENABLE_MODULES = YES;
				CLANG_ENABLE_OBJC_ARC = YES;
				CLANG_ENABLE_OBJC_WEAK = YES;
				CLANG_WARN_BLOCK_CAPTURE_AUTORELEASING = YES;
				CLANG_WARN_BOOL_CONVERSION = YES;
				CLANG_WARN_COMMA = YES;
				CLANG_WARN_CONSTANT_CONVERSION = YES;
				CLANG_WARN_DEPRECATED_OBJC_IMPLEMENTATIONS = YES;
				CLANG_WARN_DIRECT_OBJC_ISA_USAGE = YES_ERROR;
				CLANG_WARN_DOCUMENTATION_COMMENTS = YES;
				CLANG_WARN_EMPTY_BODY = YES;
				CLANG_WARN_ENUM_CONVERSION = YES;
				CLANG_WARN_INFINITE_RECURSION = YES;
				CLANG_WARN_INT_CONVERSION = YES;
				CLANG_WARN_NON_LITERAL_NULL_CONVERSION = YES;
				CLANG_WARN_OBJC_IMPLICIT_RETAIN_SELF = YES;
				CLANG_WARN_OBJC_LITERAL_CONVERSION = YES;
				CLANG_WARN_OBJC_ROOT_CLASS = YES_ERROR;
				CLANG_WARN_QUOTED_INCLUDE_IN_FRAMEWORK_HEADER = YES;
				CLANG_WARN_RANGE_LOOP_ANALYSIS = YES;
				CLANG_WARN_STRICT_PROTOTYPES = YES;
				CLANG_WARN_SUSPICIOUS_MOVE = YES;
				CLANG_WARN_UNGUARDED_AVAILABILITY = YES_AGGRESSIVE;
				CLANG_WARN_UNREACHABLE_CODE = YES;
				CLANG_WARN__DUPLICATE_METHOD_MATCH = YES;
				COPY_PHASE_STRIP = NO;
				DEBUG_INFORMATION_FORMAT = "dwarf-with-dsym";
				DEVELOPMENT_TEAM = RCLFZFW8U7;
				ENABLE_NS_ASSERTIONS = NO;
				ENABLE_STRICT_OBJC_MSGSEND = YES;
				ENABLE_USER_SCRIPT_SANDBOXING = YES;
				GCC_C_LANGUAGE_STANDARD = gnu17;
				GCC_NO_COMMON_BLOCKS = YES;
				GCC_WARN_64_TO_32_BIT_CONVERSION = YES;
				GCC_WARN_ABOUT_RETURN_TYPE = YES_ERROR;
				GCC_WARN_UNDECLARED_SELECTOR = YES;
				GCC_WARN_UNINITIALIZED_AUTOS = YES_AGGRESSIVE;
				GCC_WARN_UNUSED_FUNCTION = YES;
				GCC_WARN_UNUSED_VARIABLE = YES;
				LOCALIZATION_PREFERS_STRING_CATALOGS = YES;
				MACOSX_DEPLOYMENT_TARGET = 15.4;
				MTL_ENABLE_DEBUG_INFO = NO;
				MTL_FAST_MATH = YES;
				SDKROOT = macosx;
				SWIFT_COMPILATION_MODE = wholemodule;
			};
			name = Release;
		};
		69B574042DA395B30041194B /* Debug */ = {
			isa = XCBuildConfiguration;
			buildSettings = {
				ASSETCATALOG_COMPILER_APPICON_NAME = AppIcon;
				ASSETCATALOG_COMPILER_GLOBAL_ACCENT_COLOR_NAME = AccentColor;
				CODE_SIGN_ENTITLEMENTS = md_editor/md_editor.entitlements;
				CODE_SIGN_IDENTITY = "-";
				CODE_SIGN_STYLE = Automatic;
				COMBINE_HIDPI_IMAGES = YES;
				CURRENT_PROJECT_VERSION = 1;
				DEVELOPMENT_TEAM = RCLFZFW8U7;
				ENABLE_HARDENED_RUNTIME = YES;
				GENERATE_INFOPLIST_FILE = YES;
				INFOPLIST_KEY_NSHumanReadableCopyright = "";
				INFOPLIST_KEY_NSMainStoryboardFile = Main;
				INFOPLIST_KEY_NSPrincipalClass = NSApplication;
				LD_RUNPATH_SEARCH_PATHS = (
					"$(inherited)",
					"@executable_path/../Frameworks",
				);
				MARKETING_VERSION = 0.0.1;
				PRODUCT_BUNDLE_IDENTIFIER = "matsuohiroki.md-editor";
				PRODUCT_NAME = "$(TARGET_NAME)";
				PROVISIONING_PROFILE_SPECIFIER = "";
				REGISTER_APP_GROUPS = YES;
				SWIFT_EMIT_LOC_STRINGS = YES;
				SWIFT_VERSION = 5.0;
			};
			name = Debug;
		};
		69B574052DA395B30041194B /* Release */ = {
			isa = XCBuildConfiguration;
			buildSettings = {
				ASSETCATALOG_COMPILER_APPICON_NAME = AppIcon;
				ASSETCATALOG_COMPILER_GLOBAL_ACCENT_COLOR_NAME = AccentColor;
				CODE_SIGN_ENTITLEMENTS = md_editor/md_editor.entitlements;
				CODE_SIGN_IDENTITY = "-";
				CODE_SIGN_STYLE = Automatic;
				COMBINE_HIDPI_IMAGES = YES;
				CURRENT_PROJECT_VERSION = 1;
				DEVELOPMENT_TEAM = RCLFZFW8U7;
				ENABLE_HARDENED_RUNTIME = YES;
				GENERATE_INFOPLIST_FILE = YES;
				INFOPLIST_KEY_NSHumanReadableCopyright = "";
				INFOPLIST_KEY_NSMainStoryboardFile = Main;
				INFOPLIST_KEY_NSPrincipalClass = NSApplication;
				LD_RUNPATH_SEARCH_PATHS = (
					"$(inherited)",
					"@executable_path/../Frameworks",
				);
				MARKETING_VERSION = 0.0.1;
				PRODUCT_BUNDLE_IDENTIFIER = "matsuohiroki.md-editor";
				PRODUCT_NAME = "$(TARGET_NAME)";
				PROVISIONING_PROFILE_SPECIFIER = "";
				REGISTER_APP_GROUPS = YES;
				SWIFT_EMIT_LOC_STRINGS = YES;
				SWIFT_VERSION = 5.0;
			};
			name = Release;
		};
		69B574072DA395B30041194B /* Debug */ = {
			isa = XCBuildConfiguration;
			buildSettings = {
				BUNDLE_LOADER = "$(TEST_HOST)";
				CODE_SIGN_STYLE = Automatic;
				CURRENT_PROJECT_VERSION = 1;
				DEVELOPMENT_TEAM = RCLFZFW8U7;
				GENERATE_INFOPLIST_FILE = YES;
				MACOSX_DEPLOYMENT_TARGET = 15.4;
				MARKETING_VERSION = 1.0;
				PRODUCT_BUNDLE_IDENTIFIER = "matsuohiroki.md-editorTests";
				PRODUCT_NAME = "$(TARGET_NAME)";
				SWIFT_EMIT_LOC_STRINGS = NO;
				SWIFT_VERSION = 5.0;
				TEST_HOST = "$(BUILT_PRODUCTS_DIR)/md_editor.app/$(BUNDLE_EXECUTABLE_FOLDER_PATH)/md_editor";
			};
			name = Debug;
		};
		69B574082DA395B30041194B /* Release */ = {
			isa = XCBuildConfiguration;
			buildSettings = {
				BUNDLE_LOADER = "$(TEST_HOST)";
				CODE_SIGN_STYLE = Automatic;
				CURRENT_PROJECT_VERSION = 1;
				DEVELOPMENT_TEAM = RCLFZFW8U7;
				GENERATE_INFOPLIST_FILE = YES;
				MACOSX_DEPLOYMENT_TARGET = 15.4;
				MARKETING_VERSION = 1.0;
				PRODUCT_BUNDLE_IDENTIFIER = "matsuohiroki.md-editorTests";
				PRODUCT_NAME = "$(TARGET_NAME)";
				SWIFT_EMIT_LOC_STRINGS = NO;
				SWIFT_VERSION = 5.0;
				TEST_HOST = "$(BUILT_PRODUCTS_DIR)/md_editor.app/$(BUNDLE_EXECUTABLE_FOLDER_PATH)/md_editor";
			};
			name = Release;
		};
		69B5740A2DA395B30041194B /* Debug */ = {
			isa = XCBuildConfiguration;
			buildSettings = {
				CODE_SIGN_STYLE = Automatic;
				CURRENT_PROJECT_VERSION = 1;
				DEVELOPMENT_TEAM = RCLFZFW8U7;
				GENERATE_INFOPLIST_FILE = YES;
				MARKETING_VERSION = 1.0;
				PRODUCT_BUNDLE_IDENTIFIER = "matsuohiroki.md-editorUITests";
				PRODUCT_NAME = "$(TARGET_NAME)";
				SWIFT_EMIT_LOC_STRINGS = NO;
				SWIFT_VERSION = 5.0;
				TEST_TARGET_NAME = md_editor;
			};
			name = Debug;
		};
		69B5740B2DA395B30041194B /* Release */ = {
			isa = XCBuildConfiguration;
			buildSettings = {
				CODE_SIGN_STYLE = Automatic;
				CURRENT_PROJECT_VERSION = 1;
				DEVELOPMENT_TEAM = RCLFZFW8U7;
				GENERATE_INFOPLIST_FILE = YES;
				MARKETING_VERSION = 1.0;
				PRODUCT_BUNDLE_IDENTIFIER = "matsuohiroki.md-editorUITests";
				PRODUCT_NAME = "$(TARGET_NAME)";
				SWIFT_EMIT_LOC_STRINGS = NO;
				SWIFT_VERSION = 5.0;
				TEST_TARGET_NAME = md_editor;
			};
			name = Release;
		};
/* End XCBuildConfiguration section */

/* Begin XCConfigurationList section */
		69B573D92DA395B20041194B /* Build configuration list for PBXProject "md_editor" */ = {
			isa = XCConfigurationList;
			buildConfigurations = (
				69B574012DA395B30041194B /* Debug */,
				69B574022DA395B30041194B /* Release */,
			);
			defaultConfigurationIsVisible = 0;
			defaultConfigurationName = Release;
		};
		69B574032DA395B30041194B /* Build configuration list for PBXNativeTarget "md_editor" */ = {
			isa = XCConfigurationList;
			buildConfigurations = (
				69B574042DA395B30041194B /* Debug */,
				69B574052DA395B30041194B /* Release */,
			);
			defaultConfigurationIsVisible = 0;
			defaultConfigurationName = Release;
		};
		69B574062DA395B30041194B /* Build configuration list for PBXNativeTarget "md_editorTests" */ = {
			isa = XCConfigurationList;
			buildConfigurations = (
				69B574072DA395B30041194B /* Debug */,
				69B574082DA395B30041194B /* Release */,
			);
			defaultConfigurationIsVisible = 0;
			defaultConfigurationName = Release;
		};
		69B574092DA395B30041194B /* Build configuration list for PBXNativeTarget "md_editorUITests" */ = {
			isa = XCConfigurationList;
			buildConfigurations = (
				69B5740A2DA395B30041194B /* Debug */,
				69B5740B2DA395B30041194B /* Release */,
			);
			defaultConfigurationIsVisible = 0;
			defaultConfigurationName = Release;
		};
/* End XCConfigurationList section */

/* Begin XCRemoteSwiftPackageReference section */
		69B5740C2DA395D90041194B /* XCRemoteSwiftPackageReference "Ink" */ = {
			isa = XCRemoteSwiftPackageReference;
			repositoryURL = "https://github.com/JohnSundell/Ink.git";
			requirement = {
				kind = upToNextMajorVersion;
				minimumVersion = 0.6.0;
			};
		};
		69B5740F2DA396590041194B /* XCRemoteSwiftPackageReference "SwiftLint" */ = {
			isa = XCRemoteSwiftPackageReference;
			repositoryURL = "https://github.com/realm/SwiftLint";
			requirement = {
				kind = upToNextMajorVersion;
				minimumVersion = 0.59.0;
			};
		};
		69B574102DA396D60041194B /* XCRemoteSwiftPackageReference "RxSwift" */ = {
			isa = XCRemoteSwiftPackageReference;
			repositoryURL = "https://github.com/ReactiveX/RxSwift.git";
			requirement = {
				kind = upToNextMajorVersion;
				minimumVersion = 6.9.0;
			};
		};
/* End XCRemoteSwiftPackageReference section */

/* Begin XCSwiftPackageProductDependency section */
		69B5740D2DA395D90041194B /* Ink */ = {
			isa = XCSwiftPackageProductDependency;
			package = 69B5740C2DA395D90041194B /* XCRemoteSwiftPackageReference "Ink" */;
			productName = Ink;
		};
		69B574112DA396D60041194B /* RxBlocking */ = {
			isa = XCSwiftPackageProductDependency;
			package = 69B574102DA396D60041194B /* XCRemoteSwiftPackageReference "RxSwift" */;
			productName = RxBlocking;
		};
		69B574132DA396D60041194B /* RxCocoa */ = {
			isa = XCSwiftPackageProductDependency;
			package = 69B574102DA396D60041194B /* XCRemoteSwiftPackageReference "RxSwift" */;
			productName = RxCocoa;
		};
		69B574152DA396D60041194B /* RxRelay */ = {
			isa = XCSwiftPackageProductDependency;
			package = 69B574102DA396D60041194B /* XCRemoteSwiftPackageReference "RxSwift" */;
			productName = RxRelay;
		};
		69CA78C02DA3B9CC0027EC62 /* SwiftLintBuildToolPlugin */ = {
			isa = XCSwiftPackageProductDependency;
			package = 69B5740F2DA396590041194B /* XCRemoteSwiftPackageReference "SwiftLint" */;
			productName = "plugin:SwiftLintBuildToolPlugin";
		};
/* End XCSwiftPackageProductDependency section */
	};
	rootObject = 69B573D62DA395B20041194B /* Project object */;
}
